# This file is automatically @generated by Cargo.
# It is not intended for manual editing.
version = 3

[[package]]
name = "autotools"
version = "0.2.5"
source = "registry+https://github.com/rust-lang/crates.io-index"
checksum = "c8138adefca3e5d2e73bfba83bd6eeaf904b26a7ac1b4a19892cfe16cc7e1701"
dependencies = [
 "cc",
]

[[package]]
name = "cc"
version = "1.0.73"
source = "registry+https://github.com/rust-lang/crates.io-index"
checksum = "2fff2a6927b3bb87f9595d67196a70493f627687a71d87a0d692242c33f58c11"

[[package]]
name = "wrapped-package"
version = "1.0.0"
dependencies = [
 "autotools",
]
